
Microsoft Visual Studio Solution File, Format Version 12.00
# Visual Studio Version 16
VisualStudioVersion = 16.0.29806.167
MinimumVisualStudioVersion = 15.0.26124.0
Project("{2150E333-8FDC-42A3-9474-1A3956D46DE8}") = "source", "source", "{347E2481-0795-4693-87E5-FA9217B0BCE0}"
EndProject
Project("{9A19103F-16F7-4668-BE54-9A1E7A4F7556}") = "OpenRedding.Domain", "source\OpenRedding.Domain\OpenRedding.Domain.csproj", "{E97DBDF7-4117-4809-B4E0-E1C10C68F037}"
EndProject
Project("{2150E333-8FDC-42A3-9474-1A3956D46DE8}") = "tests", "tests", "{B0D39FD8-FF46-4D0E-8C01-4272DC66EDC6}"
EndProject
Project("{9A19103F-16F7-4668-BE54-9A1E7A4F7556}") = "OpenRedding.Domain.Tests", "tests\OpenRedding.Domain.Tests\OpenRedding.Domain.Tests.csproj", "{AFCFEC63-BDF4-4E08-A393-C20BF055C934}"
EndProject
Project("{9A19103F-16F7-4668-BE54-9A1E7A4F7556}") = "OpenRedding.Api", "source\OpenRedding.Api\OpenRedding.Api.csproj", "{4EF51DF9-05D0-44AB-A31E-2CE3DF3EB32E}"
EndProject
Project("{9A19103F-16F7-4668-BE54-9A1E7A4F7556}") = "OpenRedding.Core", "source\OpenRedding.Core\OpenRedding.Core.csproj", "{6BED1F6B-C5F6-4844-86CD-561E2D9F85E9}"
EndProject
Project("{9A19103F-16F7-4668-BE54-9A1E7A4F7556}") = "OpenRedding.Shared", "source\OpenRedding.Shared\OpenRedding.Shared.csproj", "{1536FE94-3F5D-4C6F-9C05-B3A6E1B90EB9}"
EndProject
Project("{2150E333-8FDC-42A3-9474-1A3956D46DE8}") = "build", "build", "{EF776E2C-5392-458D-A2C4-BAAFCD0F3200}"
EndProject
Project("{9A19103F-16F7-4668-BE54-9A1E7A4F7556}") = "_build", "build\_build.csproj", "{5DA3B0F7-5DBA-413E-B842-068DB96D99D8}"
EndProject
Project("{9A19103F-16F7-4668-BE54-9A1E7A4F7556}") = "OpenRedding.Core.Tests", "tests\OpenRedding.Core.Tests\OpenRedding.Core.Tests.csproj", "{71FC758F-702A-4FDD-8AF4-EED6140DBC5D}"
EndProject
Project("{9A19103F-16F7-4668-BE54-9A1E7A4F7556}") = "OpenRedding.Gateway", "source\OpenRedding.Gateway\OpenRedding.Gateway.csproj", "{9AC5F1FD-B510-467D-8FBE-0DA818371B94}"
EndProject
Project("{9A19103F-16F7-4668-BE54-9A1E7A4F7556}") = "OpenRedding.Infrastructure", "source\OpenRedding.Infrastructure\OpenRedding.Infrastructure.csproj", "{9DFD8BE9-6BF5-49F9-96DE-EB3B9C284B9F}"
EndProject
Project("{9A19103F-16F7-4668-BE54-9A1E7A4F7556}") = "OpenRedding.Identity", "source\OpenRedding.Identity\OpenRedding.Identity.csproj", "{AB660F88-F6F2-4F9E-88AF-FF21F78C7B8D}"
	ProjectSection(ProjectDependencies) = postProject
		{9DFD8BE9-6BF5-49F9-96DE-EB3B9C284B9F} = {9DFD8BE9-6BF5-49F9-96DE-EB3B9C284B9F}
	EndProjectSection
EndProject
Project("{9A19103F-16F7-4668-BE54-9A1E7A4F7556}") = "OpenRedding.Client", "source\OpenRedding.Client\OpenRedding.Client.csproj", "{88657FB0-2D0D-4329-9046-B0D29B83531B}"
EndProject
Project("{FAE04EC0-301F-11D3-BF4B-00C04F79EFBC}") = "OpenRedding.Spa.Server", "source\OpenRedding.Spa\Server\OpenRedding.Spa.Server.csproj", "{596FA045-ECB4-4FE2-8128-AA26E4EDD972}"
EndProject
Project("{FAE04EC0-301F-11D3-BF4B-00C04F79EFBC}") = "OpenRedding.Spa.Client", "source\OpenRedding.Spa\Client\OpenRedding.Spa.Client.csproj", "{D7C1F5E0-1733-4523-ABD4-13EAB77509FE}"
EndProject
Global
	GlobalSection(SolutionConfigurationPlatforms) = preSolution
		Debug|Any CPU = Debug|Any CPU
		Debug|x64 = Debug|x64
		Debug|x86 = Debug|x86
		Release|Any CPU = Release|Any CPU
		Release|x64 = Release|x64
		Release|x86 = Release|x86
	EndGlobalSection
	GlobalSection(ProjectConfigurationPlatforms) = postSolution
		{E97DBDF7-4117-4809-B4E0-E1C10C68F037}.Debug|Any CPU.ActiveCfg = Debug|Any CPU
		{E97DBDF7-4117-4809-B4E0-E1C10C68F037}.Debug|Any CPU.Build.0 = Debug|Any CPU
		{E97DBDF7-4117-4809-B4E0-E1C10C68F037}.Debug|x64.ActiveCfg = Debug|Any CPU
		{E97DBDF7-4117-4809-B4E0-E1C10C68F037}.Debug|x64.Build.0 = Debug|Any CPU
		{E97DBDF7-4117-4809-B4E0-E1C10C68F037}.Debug|x86.ActiveCfg = Debug|Any CPU
		{E97DBDF7-4117-4809-B4E0-E1C10C68F037}.Debug|x86.Build.0 = Debug|Any CPU
		{E97DBDF7-4117-4809-B4E0-E1C10C68F037}.Release|Any CPU.ActiveCfg = Release|Any CPU
		{E97DBDF7-4117-4809-B4E0-E1C10C68F037}.Release|Any CPU.Build.0 = Release|Any CPU
		{E97DBDF7-4117-4809-B4E0-E1C10C68F037}.Release|x64.ActiveCfg = Release|Any CPU
		{E97DBDF7-4117-4809-B4E0-E1C10C68F037}.Release|x64.Build.0 = Release|Any CPU
		{E97DBDF7-4117-4809-B4E0-E1C10C68F037}.Release|x86.ActiveCfg = Release|Any CPU
		{E97DBDF7-4117-4809-B4E0-E1C10C68F037}.Release|x86.Build.0 = Release|Any CPU
		{AFCFEC63-BDF4-4E08-A393-C20BF055C934}.Debug|Any CPU.ActiveCfg = Debug|Any CPU
		{AFCFEC63-BDF4-4E08-A393-C20BF055C934}.Debug|Any CPU.Build.0 = Debug|Any CPU
		{AFCFEC63-BDF4-4E08-A393-C20BF055C934}.Debug|x64.ActiveCfg = Debug|Any CPU
		{AFCFEC63-BDF4-4E08-A393-C20BF055C934}.Debug|x64.Build.0 = Debug|Any CPU
		{AFCFEC63-BDF4-4E08-A393-C20BF055C934}.Debug|x86.ActiveCfg = Debug|Any CPU
		{AFCFEC63-BDF4-4E08-A393-C20BF055C934}.Debug|x86.Build.0 = Debug|Any CPU
		{AFCFEC63-BDF4-4E08-A393-C20BF055C934}.Release|Any CPU.ActiveCfg = Release|Any CPU
		{AFCFEC63-BDF4-4E08-A393-C20BF055C934}.Release|Any CPU.Build.0 = Release|Any CPU
		{AFCFEC63-BDF4-4E08-A393-C20BF055C934}.Release|x64.ActiveCfg = Release|Any CPU
		{AFCFEC63-BDF4-4E08-A393-C20BF055C934}.Release|x64.Build.0 = Release|Any CPU
		{AFCFEC63-BDF4-4E08-A393-C20BF055C934}.Release|x86.ActiveCfg = Release|Any CPU
		{AFCFEC63-BDF4-4E08-A393-C20BF055C934}.Release|x86.Build.0 = Release|Any CPU
		{4EF51DF9-05D0-44AB-A31E-2CE3DF3EB32E}.Debug|Any CPU.ActiveCfg = Debug|Any CPU
		{4EF51DF9-05D0-44AB-A31E-2CE3DF3EB32E}.Debug|Any CPU.Build.0 = Debug|Any CPU
		{4EF51DF9-05D0-44AB-A31E-2CE3DF3EB32E}.Debug|x64.ActiveCfg = Debug|Any CPU
		{4EF51DF9-05D0-44AB-A31E-2CE3DF3EB32E}.Debug|x64.Build.0 = Debug|Any CPU
		{4EF51DF9-05D0-44AB-A31E-2CE3DF3EB32E}.Debug|x86.ActiveCfg = Debug|Any CPU
		{4EF51DF9-05D0-44AB-A31E-2CE3DF3EB32E}.Debug|x86.Build.0 = Debug|Any CPU
		{4EF51DF9-05D0-44AB-A31E-2CE3DF3EB32E}.Release|Any CPU.ActiveCfg = Release|Any CPU
		{4EF51DF9-05D0-44AB-A31E-2CE3DF3EB32E}.Release|Any CPU.Build.0 = Release|Any CPU
		{4EF51DF9-05D0-44AB-A31E-2CE3DF3EB32E}.Release|x64.ActiveCfg = Release|Any CPU
		{4EF51DF9-05D0-44AB-A31E-2CE3DF3EB32E}.Release|x64.Build.0 = Release|Any CPU
		{4EF51DF9-05D0-44AB-A31E-2CE3DF3EB32E}.Release|x86.ActiveCfg = Release|Any CPU
		{4EF51DF9-05D0-44AB-A31E-2CE3DF3EB32E}.Release|x86.Build.0 = Release|Any CPU
		{6BED1F6B-C5F6-4844-86CD-561E2D9F85E9}.Debug|Any CPU.ActiveCfg = Debug|Any CPU
		{6BED1F6B-C5F6-4844-86CD-561E2D9F85E9}.Debug|Any CPU.Build.0 = Debug|Any CPU
		{6BED1F6B-C5F6-4844-86CD-561E2D9F85E9}.Debug|x64.ActiveCfg = Debug|Any CPU
		{6BED1F6B-C5F6-4844-86CD-561E2D9F85E9}.Debug|x64.Build.0 = Debug|Any CPU
		{6BED1F6B-C5F6-4844-86CD-561E2D9F85E9}.Debug|x86.ActiveCfg = Debug|Any CPU
		{6BED1F6B-C5F6-4844-86CD-561E2D9F85E9}.Debug|x86.Build.0 = Debug|Any CPU
		{6BED1F6B-C5F6-4844-86CD-561E2D9F85E9}.Release|Any CPU.ActiveCfg = Release|Any CPU
		{6BED1F6B-C5F6-4844-86CD-561E2D9F85E9}.Release|Any CPU.Build.0 = Release|Any CPU
		{6BED1F6B-C5F6-4844-86CD-561E2D9F85E9}.Release|x64.ActiveCfg = Release|Any CPU
		{6BED1F6B-C5F6-4844-86CD-561E2D9F85E9}.Release|x64.Build.0 = Release|Any CPU
		{6BED1F6B-C5F6-4844-86CD-561E2D9F85E9}.Release|x86.ActiveCfg = Release|Any CPU
		{6BED1F6B-C5F6-4844-86CD-561E2D9F85E9}.Release|x86.Build.0 = Release|Any CPU
		{1536FE94-3F5D-4C6F-9C05-B3A6E1B90EB9}.Debug|Any CPU.ActiveCfg = Debug|Any CPU
		{1536FE94-3F5D-4C6F-9C05-B3A6E1B90EB9}.Debug|Any CPU.Build.0 = Debug|Any CPU
		{1536FE94-3F5D-4C6F-9C05-B3A6E1B90EB9}.Debug|x64.ActiveCfg = Debug|Any CPU
		{1536FE94-3F5D-4C6F-9C05-B3A6E1B90EB9}.Debug|x64.Build.0 = Debug|Any CPU
		{1536FE94-3F5D-4C6F-9C05-B3A6E1B90EB9}.Debug|x86.ActiveCfg = Debug|Any CPU
		{1536FE94-3F5D-4C6F-9C05-B3A6E1B90EB9}.Debug|x86.Build.0 = Debug|Any CPU
		{1536FE94-3F5D-4C6F-9C05-B3A6E1B90EB9}.Release|Any CPU.ActiveCfg = Release|Any CPU
		{1536FE94-3F5D-4C6F-9C05-B3A6E1B90EB9}.Release|Any CPU.Build.0 = Release|Any CPU
		{1536FE94-3F5D-4C6F-9C05-B3A6E1B90EB9}.Release|x64.ActiveCfg = Release|Any CPU
		{1536FE94-3F5D-4C6F-9C05-B3A6E1B90EB9}.Release|x64.Build.0 = Release|Any CPU
		{1536FE94-3F5D-4C6F-9C05-B3A6E1B90EB9}.Release|x86.ActiveCfg = Release|Any CPU
		{1536FE94-3F5D-4C6F-9C05-B3A6E1B90EB9}.Release|x86.Build.0 = Release|Any CPU
		{5DA3B0F7-5DBA-413E-B842-068DB96D99D8}.Debug|Any CPU.ActiveCfg = Debug|Any CPU
		{5DA3B0F7-5DBA-413E-B842-068DB96D99D8}.Debug|Any CPU.Build.0 = Debug|Any CPU
		{5DA3B0F7-5DBA-413E-B842-068DB96D99D8}.Debug|x64.ActiveCfg = Debug|Any CPU
		{5DA3B0F7-5DBA-413E-B842-068DB96D99D8}.Debug|x64.Build.0 = Debug|Any CPU
		{5DA3B0F7-5DBA-413E-B842-068DB96D99D8}.Debug|x86.ActiveCfg = Debug|Any CPU
		{5DA3B0F7-5DBA-413E-B842-068DB96D99D8}.Debug|x86.Build.0 = Debug|Any CPU
		{5DA3B0F7-5DBA-413E-B842-068DB96D99D8}.Release|Any CPU.ActiveCfg = Release|Any CPU
		{5DA3B0F7-5DBA-413E-B842-068DB96D99D8}.Release|Any CPU.Build.0 = Release|Any CPU
		{5DA3B0F7-5DBA-413E-B842-068DB96D99D8}.Release|x64.ActiveCfg = Release|Any CPU
		{5DA3B0F7-5DBA-413E-B842-068DB96D99D8}.Release|x64.Build.0 = Release|Any CPU
		{5DA3B0F7-5DBA-413E-B842-068DB96D99D8}.Release|x86.ActiveCfg = Release|Any CPU
		{5DA3B0F7-5DBA-413E-B842-068DB96D99D8}.Release|x86.Build.0 = Release|Any CPU
		{71FC758F-702A-4FDD-8AF4-EED6140DBC5D}.Debug|Any CPU.ActiveCfg = Debug|Any CPU
		{71FC758F-702A-4FDD-8AF4-EED6140DBC5D}.Debug|Any CPU.Build.0 = Debug|Any CPU
		{71FC758F-702A-4FDD-8AF4-EED6140DBC5D}.Debug|x64.ActiveCfg = Debug|Any CPU
		{71FC758F-702A-4FDD-8AF4-EED6140DBC5D}.Debug|x64.Build.0 = Debug|Any CPU
		{71FC758F-702A-4FDD-8AF4-EED6140DBC5D}.Debug|x86.ActiveCfg = Debug|Any CPU
		{71FC758F-702A-4FDD-8AF4-EED6140DBC5D}.Debug|x86.Build.0 = Debug|Any CPU
		{71FC758F-702A-4FDD-8AF4-EED6140DBC5D}.Release|Any CPU.ActiveCfg = Release|Any CPU
		{71FC758F-702A-4FDD-8AF4-EED6140DBC5D}.Release|Any CPU.Build.0 = Release|Any CPU
		{71FC758F-702A-4FDD-8AF4-EED6140DBC5D}.Release|x64.ActiveCfg = Release|Any CPU
		{71FC758F-702A-4FDD-8AF4-EED6140DBC5D}.Release|x64.Build.0 = Release|Any CPU
		{71FC758F-702A-4FDD-8AF4-EED6140DBC5D}.Release|x86.ActiveCfg = Release|Any CPU
		{71FC758F-702A-4FDD-8AF4-EED6140DBC5D}.Release|x86.Build.0 = Release|Any CPU
		{9AC5F1FD-B510-467D-8FBE-0DA818371B94}.Debug|Any CPU.ActiveCfg = Debug|Any CPU
		{9AC5F1FD-B510-467D-8FBE-0DA818371B94}.Debug|Any CPU.Build.0 = Debug|Any CPU
		{9AC5F1FD-B510-467D-8FBE-0DA818371B94}.Debug|x64.ActiveCfg = Debug|Any CPU
		{9AC5F1FD-B510-467D-8FBE-0DA818371B94}.Debug|x64.Build.0 = Debug|Any CPU
		{9AC5F1FD-B510-467D-8FBE-0DA818371B94}.Debug|x86.ActiveCfg = Debug|Any CPU
		{9AC5F1FD-B510-467D-8FBE-0DA818371B94}.Debug|x86.Build.0 = Debug|Any CPU
		{9AC5F1FD-B510-467D-8FBE-0DA818371B94}.Release|Any CPU.ActiveCfg = Release|Any CPU
		{9AC5F1FD-B510-467D-8FBE-0DA818371B94}.Release|Any CPU.Build.0 = Release|Any CPU
		{9AC5F1FD-B510-467D-8FBE-0DA818371B94}.Release|x64.ActiveCfg = Release|Any CPU
		{9AC5F1FD-B510-467D-8FBE-0DA818371B94}.Release|x64.Build.0 = Release|Any CPU
		{9AC5F1FD-B510-467D-8FBE-0DA818371B94}.Release|x86.ActiveCfg = Release|Any CPU
		{9AC5F1FD-B510-467D-8FBE-0DA818371B94}.Release|x86.Build.0 = Release|Any CPU
		{9DFD8BE9-6BF5-49F9-96DE-EB3B9C284B9F}.Debug|Any CPU.ActiveCfg = Debug|Any CPU
		{9DFD8BE9-6BF5-49F9-96DE-EB3B9C284B9F}.Debug|Any CPU.Build.0 = Debug|Any CPU
		{9DFD8BE9-6BF5-49F9-96DE-EB3B9C284B9F}.Debug|x64.ActiveCfg = Debug|Any CPU
		{9DFD8BE9-6BF5-49F9-96DE-EB3B9C284B9F}.Debug|x64.Build.0 = Debug|Any CPU
		{9DFD8BE9-6BF5-49F9-96DE-EB3B9C284B9F}.Debug|x86.ActiveCfg = Debug|Any CPU
		{9DFD8BE9-6BF5-49F9-96DE-EB3B9C284B9F}.Debug|x86.Build.0 = Debug|Any CPU
		{9DFD8BE9-6BF5-49F9-96DE-EB3B9C284B9F}.Release|Any CPU.ActiveCfg = Release|Any CPU
		{9DFD8BE9-6BF5-49F9-96DE-EB3B9C284B9F}.Release|Any CPU.Build.0 = Release|Any CPU
		{9DFD8BE9-6BF5-49F9-96DE-EB3B9C284B9F}.Release|x64.ActiveCfg = Release|Any CPU
		{9DFD8BE9-6BF5-49F9-96DE-EB3B9C284B9F}.Release|x64.Build.0 = Release|Any CPU
		{9DFD8BE9-6BF5-49F9-96DE-EB3B9C284B9F}.Release|x86.ActiveCfg = Release|Any CPU
		{9DFD8BE9-6BF5-49F9-96DE-EB3B9C284B9F}.Release|x86.Build.0 = Release|Any CPU
		{AB660F88-F6F2-4F9E-88AF-FF21F78C7B8D}.Debug|Any CPU.ActiveCfg = Debug|Any CPU
		{AB660F88-F6F2-4F9E-88AF-FF21F78C7B8D}.Debug|Any CPU.Build.0 = Debug|Any CPU
		{AB660F88-F6F2-4F9E-88AF-FF21F78C7B8D}.Debug|x64.ActiveCfg = Debug|Any CPU
		{AB660F88-F6F2-4F9E-88AF-FF21F78C7B8D}.Debug|x64.Build.0 = Debug|Any CPU
		{AB660F88-F6F2-4F9E-88AF-FF21F78C7B8D}.Debug|x86.ActiveCfg = Debug|Any CPU
		{AB660F88-F6F2-4F9E-88AF-FF21F78C7B8D}.Debug|x86.Build.0 = Debug|Any CPU
		{AB660F88-F6F2-4F9E-88AF-FF21F78C7B8D}.Release|Any CPU.ActiveCfg = Release|Any CPU
		{AB660F88-F6F2-4F9E-88AF-FF21F78C7B8D}.Release|Any CPU.Build.0 = Release|Any CPU
		{AB660F88-F6F2-4F9E-88AF-FF21F78C7B8D}.Release|x64.ActiveCfg = Release|Any CPU
		{AB660F88-F6F2-4F9E-88AF-FF21F78C7B8D}.Release|x64.Build.0 = Release|Any CPU
		{AB660F88-F6F2-4F9E-88AF-FF21F78C7B8D}.Release|x86.ActiveCfg = Release|Any CPU
		{AB660F88-F6F2-4F9E-88AF-FF21F78C7B8D}.Release|x86.Build.0 = Release|Any CPU
		{88657FB0-2D0D-4329-9046-B0D29B83531B}.Debug|Any CPU.ActiveCfg = Debug|Any CPU
		{88657FB0-2D0D-4329-9046-B0D29B83531B}.Debug|Any CPU.Build.0 = Debug|Any CPU
		{88657FB0-2D0D-4329-9046-B0D29B83531B}.Debug|x64.ActiveCfg = Debug|Any CPU
		{88657FB0-2D0D-4329-9046-B0D29B83531B}.Debug|x64.Build.0 = Debug|Any CPU
		{88657FB0-2D0D-4329-9046-B0D29B83531B}.Debug|x86.ActiveCfg = Debug|Any CPU
		{88657FB0-2D0D-4329-9046-B0D29B83531B}.Debug|x86.Build.0 = Debug|Any CPU
		{88657FB0-2D0D-4329-9046-B0D29B83531B}.Release|Any CPU.ActiveCfg = Release|Any CPU
		{88657FB0-2D0D-4329-9046-B0D29B83531B}.Release|Any CPU.Build.0 = Release|Any CPU
		{88657FB0-2D0D-4329-9046-B0D29B83531B}.Release|x64.ActiveCfg = Release|Any CPU
		{88657FB0-2D0D-4329-9046-B0D29B83531B}.Release|x64.Build.0 = Release|Any CPU
		{88657FB0-2D0D-4329-9046-B0D29B83531B}.Release|x86.ActiveCfg = Release|Any CPU
		{88657FB0-2D0D-4329-9046-B0D29B83531B}.Release|x86.Build.0 = Release|Any CPU
		{596FA045-ECB4-4FE2-8128-AA26E4EDD972}.Debug|Any CPU.ActiveCfg = Debug|Any CPU
		{596FA045-ECB4-4FE2-8128-AA26E4EDD972}.Debug|Any CPU.Build.0 = Debug|Any CPU
		{596FA045-ECB4-4FE2-8128-AA26E4EDD972}.Debug|x64.ActiveCfg = Debug|Any CPU
		{596FA045-ECB4-4FE2-8128-AA26E4EDD972}.Debug|x64.Build.0 = Debug|Any CPU
		{596FA045-ECB4-4FE2-8128-AA26E4EDD972}.Debug|x86.ActiveCfg = Debug|Any CPU
		{596FA045-ECB4-4FE2-8128-AA26E4EDD972}.Debug|x86.Build.0 = Debug|Any CPU
		{596FA045-ECB4-4FE2-8128-AA26E4EDD972}.Release|Any CPU.ActiveCfg = Release|Any CPU
		{596FA045-ECB4-4FE2-8128-AA26E4EDD972}.Release|Any CPU.Build.0 = Release|Any CPU
		{596FA045-ECB4-4FE2-8128-AA26E4EDD972}.Release|x64.ActiveCfg = Release|Any CPU
		{596FA045-ECB4-4FE2-8128-AA26E4EDD972}.Release|x64.Build.0 = Release|Any CPU
		{596FA045-ECB4-4FE2-8128-AA26E4EDD972}.Release|x86.ActiveCfg = Release|Any CPU
		{596FA045-ECB4-4FE2-8128-AA26E4EDD972}.Release|x86.Build.0 = Release|Any CPU
		{D7C1F5E0-1733-4523-ABD4-13EAB77509FE}.Debug|Any CPU.ActiveCfg = Debug|Any CPU
		{D7C1F5E0-1733-4523-ABD4-13EAB77509FE}.Debug|Any CPU.Build.0 = Debug|Any CPU
		{D7C1F5E0-1733-4523-ABD4-13EAB77509FE}.Debug|x64.ActiveCfg = Debug|Any CPU
		{D7C1F5E0-1733-4523-ABD4-13EAB77509FE}.Debug|x64.Build.0 = Debug|Any CPU
		{D7C1F5E0-1733-4523-ABD4-13EAB77509FE}.Debug|x86.ActiveCfg = Debug|Any CPU
		{D7C1F5E0-1733-4523-ABD4-13EAB77509FE}.Debug|x86.Build.0 = Debug|Any CPU
		{D7C1F5E0-1733-4523-ABD4-13EAB77509FE}.Release|Any CPU.ActiveCfg = Release|Any CPU
		{D7C1F5E0-1733-4523-ABD4-13EAB77509FE}.Release|Any CPU.Build.0 = Release|Any CPU
		{D7C1F5E0-1733-4523-ABD4-13EAB77509FE}.Release|x64.ActiveCfg = Release|Any CPU
		{D7C1F5E0-1733-4523-ABD4-13EAB77509FE}.Release|x64.Build.0 = Release|Any CPU
		{D7C1F5E0-1733-4523-ABD4-13EAB77509FE}.Release|x86.ActiveCfg = Release|Any CPU
		{D7C1F5E0-1733-4523-ABD4-13EAB77509FE}.Release|x86.Build.0 = Release|Any CPU
	EndGlobalSection
	GlobalSection(SolutionProperties) = preSolution
		HideSolutionNode = FALSE
	EndGlobalSection
	GlobalSection(NestedProjects) = preSolution
		{E97DBDF7-4117-4809-B4E0-E1C10C68F037} = {347E2481-0795-4693-87E5-FA9217B0BCE0}
		{AFCFEC63-BDF4-4E08-A393-C20BF055C934} = {B0D39FD8-FF46-4D0E-8C01-4272DC66EDC6}
		{4EF51DF9-05D0-44AB-A31E-2CE3DF3EB32E} = {347E2481-0795-4693-87E5-FA9217B0BCE0}
		{6BED1F6B-C5F6-4844-86CD-561E2D9F85E9} = {347E2481-0795-4693-87E5-FA9217B0BCE0}
		{1536FE94-3F5D-4C6F-9C05-B3A6E1B90EB9} = {347E2481-0795-4693-87E5-FA9217B0BCE0}
		{5DA3B0F7-5DBA-413E-B842-068DB96D99D8} = {EF776E2C-5392-458D-A2C4-BAAFCD0F3200}
		{71FC758F-702A-4FDD-8AF4-EED6140DBC5D} = {B0D39FD8-FF46-4D0E-8C01-4272DC66EDC6}
		{9AC5F1FD-B510-467D-8FBE-0DA818371B94} = {347E2481-0795-4693-87E5-FA9217B0BCE0}
		{9DFD8BE9-6BF5-49F9-96DE-EB3B9C284B9F} = {347E2481-0795-4693-87E5-FA9217B0BCE0}
		{AB660F88-F6F2-4F9E-88AF-FF21F78C7B8D} = {347E2481-0795-4693-87E5-FA9217B0BCE0}
		{88657FB0-2D0D-4329-9046-B0D29B83531B} = {347E2481-0795-4693-87E5-FA9217B0BCE0}
		{596FA045-ECB4-4FE2-8128-AA26E4EDD972} = {347E2481-0795-4693-87E5-FA9217B0BCE0}
		{D7C1F5E0-1733-4523-ABD4-13EAB77509FE} = {347E2481-0795-4693-87E5-FA9217B0BCE0}
	EndGlobalSection
	GlobalSection(ExtensibilityGlobals) = postSolution
		SolutionGuid = {F67D9DEF-8605-45E7-8314-528A17CBCB06}
	EndGlobalSection
EndGlobal
